dependencies:
- name: common
  repository: https://charts.bitnami.com/bitnami
  version: 2.40.0
- name: backstage
  repository: file://./vendor/backstage/charts/backstage/
  version: 2.10.2
digest: sha256:e5cea71397e5eec7a1eca07a9a21cb51129db9b36a4859c41a67e5e2a8f672e1
generated: "2026-09-28T09:38:19.75313092Z"
